
Microsoft Visual Studio Solution File, Format Version 12.00
# Visual Studio 15
VisualStudioVersion = 15.0.28307.1525
MinimumVisualStudioVersion = 10.0.40219.1
Project("{FAE04EC0-301F-11D3-BF4B-00C04F79EFBC}") = "UpfrontEstFileUpload", "UpfrontEstFileUpload1\UpfrontEstFileUpload.csproj", "{8F75234C-3AF8-4D74-A9AD-1EDF6B1A3BAE}"
EndProject
Global
	GlobalSection(SolutionConfigurationPlatforms) = preSolution
		Debug|Any CPU = Debug|Any CPU
		Release|Any CPU = Release|Any CPU
	EndGlobalSection
	GlobalSection(ProjectConfigurationPlatforms) = postSolution
		{8F75234C-3AF8-4D74-A9AD-1EDF6B1A3BAE}.Debug|Any CPU.ActiveCfg = Debug|Any CPU
		{8F75234C-3AF8-4D74-A9AD-1EDF6B1A3BAE}.Debug|Any CPU.Build.0 = Debug|Any CPU
		{8F75234C-3AF8-4D74-A9AD-1EDF6B1A3BAE}.Release|Any CPU.ActiveCfg = Release|Any CPU
		{8F75234C-3AF8-4D74-A9AD-1EDF6B1A3BAE}.Release|Any CPU.Build.0 = Release|Any CPU
	EndGlobalSection
	GlobalSection(SolutionProperties) = preSolution
		HideSolutionNode = FALSE
	EndGlobalSection
	GlobalSection(ExtensibilityGlobals) = postSolution
		SolutionGuid = {11A45CDF-00CA-4CDA-91A1-796DED0CF7B6}
	EndGlobalSection
EndGlobal
